{
  "name": "jesterscollection",
  "version": "1.0.0",
  "lockfileVersion": 1,
  "requires": true,
  "dependencies": {
    "bulma": {
      "version": "0.9.0",
      "resolved": "https://registry.npmjs.org/bulma/-/bulma-0.9.0.tgz",
      "integrity": "sha512-rV75CJkubNUroAt0qCRkjznZLoaXq/ctfMXsMvKSL84UetbSyx5REl96e8GoQ04G4Tkw0XF3STECffTOQrbzOQ=="
    },
    "bulma-extensions": {
      "version": "6.2.7",
      "resolved": "https://registry.npmjs.org/bulma-extensions/-/bulma-extensions-6.2.7.tgz",
      "integrity": "sha512-y3dHsxlCYkuxUg87KKN9H4InM8NCk8tdnrlxLkYak8sd2WQdllg3wP2Nv41lj8X46uPXX2ADP0MO65LlXPHt/Q=="
    },
    "bulmaswatch": {
      "version": "0.8.1",
      "resolved": "https://registry.npmjs.org/bulmaswatch/-/bulmaswatch-0.8.1.tgz",
      "integrity": "sha512-7HGm5v9If6gzxbTht4/oVS0dhySp6g/JyTrxmpSXHXgDQXivvxiuVmcJOZo3PFv9GAOn4om7SK36I2V8W81sgw=="
    }
  }
}
